
Microsoft Visual Studio Solution File, Format Version 12.00
# Visual Studio Version 17
VisualStudioVersion = 17.5.002.0
MinimumVisualStudioVersion = 10.0.40219.1
Project("{9A19103F-16F7-4668-BE54-9A1E7A4F7556}") = "tour-of-heroes-gh-actions", "tour-of-heroes-gh-actions.csproj", "{88876299-6D74-49AD-AC4B-5B88F84BAB93}"
EndProject
Global
	GlobalSection(SolutionConfigurationPlatforms) = preSolution
		Debug|Any CPU = Debug|Any CPU
		Release|Any CPU = Release|Any CPU
	EndGlobalSection
	GlobalSection(ProjectConfigurationPlatforms) = postSolution
		{88876299-6D74-49AD-AC4B-5B88F84BAB93}.Debug|Any CPU.ActiveCfg = Debug|Any CPU
		{88876299-6D74-49AD-AC4B-5B88F84BAB93}.Debug|Any CPU.Build.0 = Debug|Any CPU
		{88876299-6D74-49AD-AC4B-5B88F84BAB93}.Release|Any CPU.ActiveCfg = Release|Any CPU
		{88876299-6D74-49AD-AC4B-5B88F84BAB93}.Release|Any CPU.Build.0 = Release|Any CPU
	EndGlobalSection
	GlobalSection(SolutionProperties) = preSolution
		HideSolutionNode = FALSE
	EndGlobalSection
	GlobalSection(ExtensibilityGlobals) = postSolution
		SolutionGuid = {C853CE8A-DC3C-4CEC-B089-F31C44FBA16F}
	EndGlobalSection
EndGlobal
